
Microsoft Visual Studio Solution File, Format Version 12.00
# Visual Studio 2012
Project("{FAE04EC0-301F-11D3-BF4B-00C04F79EFBC}") = "ManageSheetSpecs", "ManageSheetSpecs\ManageSheetSpecs.csproj", "{A9554562-4F08-43BE-8A2F-0D78724B2519}"
EndProject
Global
	GlobalSection(SolutionConfigurationPlatforms) = preSolution
		Debug|Any CPU = Debug|Any CPU
		Release|Any CPU = Release|Any CPU
	EndGlobalSection
	GlobalSection(ProjectConfigurationPlatforms) = postSolution
		{A9554562-4F08-43BE-8A2F-0D78724B2519}.Debug|Any CPU.ActiveCfg = Debug|Any CPU
		{A9554562-4F08-43BE-8A2F-0D78724B2519}.Debug|Any CPU.Build.0 = Debug|Any CPU
		{A9554562-4F08-43BE-8A2F-0D78724B2519}.Release|Any CPU.ActiveCfg = Release|Any CPU
		{A9554562-4F08-43BE-8A2F-0D78724B2519}.Release|Any CPU.Build.0 = Release|Any CPU
	EndGlobalSection
	GlobalSection(SolutionProperties) = preSolution
		HideSolutionNode = FALSE
	EndGlobalSection
EndGlobal
